// !$*UTF8*$!
{
	archiveVersion = 1;
	classes = {
	};
	objectVersion = 56;
	objects = {

/* Begin PBXBuildFile section */
		441FC1D72B5836FF000EE245 /* AppDelegate.swift in Sources */ = {isa = PBXBuildFile; fileRef = 441FC1D62B5836FF000EE245 /* AppDelegate.swift */; };
		441FC1D92B5836FF000EE245 /* SceneDelegate.swift in Sources */ = {isa = PBXBuildFile; fileRef = 441FC1D82B5836FF000EE245 /* SceneDelegate.swift */; };
		441FC1DB2B5836FF000EE245 /* ViewController.swift in Sources */ = {isa = PBXBuildFile; fileRef = 441FC1DA2B5836FF000EE245 /* ViewController.swift */; };
		441FC1DE2B5836FF000EE245 /* Main.storyboard in Resources */ = {isa = PBXBuildFile; fileRef = 441FC1DC2B5836FF000EE245 /* Main.storyboard */; };
		441FC1E02B583701000EE245 /* Assets.xcassets in Resources */ = {isa = PBXBuildFile; fileRef = 441FC1DF2B583701000EE245 /* Assets.xcassets */; };
		441FC1E32B583701000EE245 /* LaunchScreen.storyboard in Resources */ = {isa = PBXBuildFile; fileRef = 441FC1E12B583701000EE245 /* LaunchScreen.storyboard */; };
		441FC1EB2B584CEC000EE245 /* TwoViewController.swift in Sources */ = {isa = PBXBuildFile; fileRef = 441FC1EA2B584CEC000EE245 /* TwoViewController.swift */; };
		441FC1ED2B584CF7000EE245 /* ThreeViewController.swift in Sources */ = {isa = PBXBuildFile; fileRef = 441FC1EC2B584CF7000EE245 /* ThreeViewController.swift */; };
		441FC1EF2B584D00000EE245 /* FourViewController.swift in Sources */ = {isa = PBXBuildFile; fileRef = 441FC1EE2B584D00000EE245 /* FourViewController.swift */; };
		446764352B5FF560009A7AD8 /* FirstViewController.swift in Sources */ = {isa = PBXBuildFile; fileRef = 446764342B5FF560009A7AD8 /* FirstViewController.swift */; };
/* End PBXBuildFile section */

/* Begin PBXFileReference section */
		441FC1D32B5836FF000EE245 /* homework7(2).app */ = {isa = PBXFileReference; explicitFileType = wrapper.application; includeInIndex = 0; path = "homework7(2).app"; sourceTree = BUILT_PRODUCTS_DIR; };
		441FC1D62B5836FF000EE245 /* AppDelegate.swift */ = {isa = PBXFileReference; lastKnownFileType = sourcecode.swift; path = AppDelegate.swift; sourceTree = "<group>"; };
		441FC1D82B5836FF000EE245 /* SceneDelegate.swift */ = {isa = PBXFileReference; lastKnownFileType = sourcecode.swift; path = SceneDelegate.swift; sourceTree = "<group>"; };
		441FC1DA2B5836FF000EE245 /* ViewController.swift */ = {isa = PBXFileReference; lastKnownFileType = sourcecode.swift; path = ViewController.swift; sourceTree = "<group>"; };
		441FC1DD2B5836FF000EE245 /* Base */ = {isa = PBXFileReference; lastKnownFileType = file.storyboard; name = Base; path = Base.lproj/Main.storyboard; sourceTree = "<group>"; };
		441FC1DF2B583701000EE245 /* Assets.xcassets */ = {isa = PBXFileReference; lastKnownFileType = folder.assetcatalog; path = Assets.xcassets; sourceTree = "<group>"; };
		441FC1E22B583701000EE245 /* Base */ = {isa = PBXFileReference; lastKnownFileType = file.storyboard; name = Base; path = Base.lproj/LaunchScreen.storyboard; sourceTree = "<group>"; };
		441FC1E42B583701000EE245 /* Info.plist */ = {isa = PBXFileReference; lastKnownFileType = text.plist.xml; path = Info.plist; sourceTree = "<group>"; };
		441FC1EA2B584CEC000EE245 /* TwoViewController.swift */ = {isa = PBXFileReference; lastKnownFileType = sourcecode.swift; path = TwoViewController.swift; sourceTree = "<group>"; };
		441FC1EC2B584CF7000EE245 /* ThreeViewController.swift */ = {isa = PBXFileReference; lastKnownFileType = sourcecode.swift; path = ThreeViewController.swift; sourceTree = "<group>"; };
		441FC1EE2B584D00000EE245 /* FourViewController.swift */ = {isa = PBXFileReference; lastKnownFileType = sourcecode.swift; path = FourViewController.swift; sourceTree = "<group>"; };
		446764342B5FF560009A7AD8 /* FirstViewController.swift */ = {isa = PBXFileReference; lastKnownFileType = sourcecode.swift; path = FirstViewController.swift; sourceTree = "<group>"; };
/* End PBXFileReference section */

/* Begin PBXFrameworksBuildPhase section */
		441FC1D02B5836FF000EE245 /* Frameworks */ = {
			isa = PBXFrameworksBuildPhase;
			buildActionMask = 2147483647;
			files = (
			);
			runOnlyForDeploymentPostprocessing = 0;
		};
/* End PBXFrameworksBuildPhase section */

/* Begin PBXGroup section */
		441FC1CA2B5836FF000EE245 = {
			isa = PBXGroup;
			children = (
				441FC1D52B5836FF000EE245 /* homework7(2) */,
				441FC1D42B5836FF000EE245 /* Products */,
			);
			sourceTree = "<group>";
		};
		441FC1D42B5836FF000EE245 /* Products */ = {
			isa = PBXGroup;
			children = (
				441FC1D32B5836FF000EE245 /* homework7(2).app */,
			);
			name = Products;
			sourceTree = "<group>";
		};
		441FC1D52B5836FF000EE245 /* homework7(2) */ = {
			isa = PBXGroup;
			children = (
				441FC1D62B5836FF000EE245 /* AppDelegate.swift */,
				441FC1D82B5836FF000EE245 /* SceneDelegate.swift */,
				441FC1DA2B5836FF000EE245 /* ViewController.swift */,
				441FC1DC2B5836FF000EE245 /* Main.storyboard */,
				441FC1DF2B583701000EE245 /* Assets.xcassets */,
				441FC1E12B583701000EE245 /* LaunchScreen.storyboard */,
				441FC1E42B583701000EE245 /* Info.plist */,
				446764342B5FF560009A7AD8 /* FirstViewController.swift */,
				441FC1EA2B584CEC000EE245 /* TwoViewController.swift */,
				441FC1EC2B584CF7000EE245 /* ThreeViewController.swift */,
				441FC1EE2B584D00000EE245 /* FourViewController.swift */,
			);
			path = "homework7(2)";
			sourceTree = "<group>";
		};
/* End PBXGroup section */

/* Begin PBXNativeTarget section */
		441FC1D22B5836FF000EE245 /* homework7(2) */ = {
			isa = PBXNativeTarget;
			buildConfigurationList = 441FC1E72B583701000EE245 /* Build configuration list for PBXNativeTarget "homework7(2)" */;
			buildPhases = (
				441FC1CF2B5836FF000EE245 /* Sources */,
				441FC1D02B5836FF000EE245 /* Frameworks */,
				441FC1D12B5836FF000EE245 /* Resources */,
			);
			buildRules = (
			);
			dependencies = (
			);
			name = "homework7(2)";
			productName = "homework7(2)";
			productReference = 441FC1D32B5836FF000EE245 /* homework7(2).app */;
			productType = "com.apple.product-type.application";
		};
/* End PBXNativeTarget section */

/* Begin PBXProject section */
		441FC1CB2B5836FF000EE245 /* Project object */ = {
			isa = PBXProject;
			attributes = {
				BuildIndependentTargetsInParallel = 1;
				LastSwiftUpdateCheck = 1520;
				LastUpgradeCheck = 1520;
				TargetAttributes = {
					441FC1D22B5836FF000EE245 = {
						CreatedOnToolsVersion = 15.2;
					};
				};
			};
			buildConfigurationList = 441FC1CE2B5836FF000EE245 /* Build configuration list for PBXProject "homework7(2)" */;
			compatibilityVersion = "Xcode 14.0";
			developmentRegion = en;
			hasScannedForEncodings = 0;
			knownRegions = (
				en,
				Base,
			);
			mainGroup = 441FC1CA2B5836FF000EE245;
			productRefGroup = 441FC1D42B5836FF000EE245 /* Products */;
			projectDirPath = "";
			projectRoot = "";
			targets = (
				441FC1D22B5836FF000EE245 /* homework7(2) */,
			);
		};
/* End PBXProject section */

/* Begin PBXResourcesBuildPhase section */
		441FC1D12B5836FF000EE245 /* Resources */ = {
			isa = PBXResourcesBuildPhase;
			buildActionMask = 2147483647;
			files = (
				441FC1E32B583701000EE245 /* LaunchScreen.storyboard in Resources */,
				441FC1E02B583701000EE245 /* Assets.xcassets in Resources */,
				441FC1DE2B5836FF000EE245 /* Main.storyboard in Resources */,
			);
			runOnlyForDeploymentPostprocessing = 0;
		};
/* End PBXResourcesBuildPhase section */

/* Begin PBXSourcesBuildPhase section */
		441FC1CF2B5836FF000EE245 /* Sources */ = {
			isa = PBXSourcesBuildPhase;
			buildActionMask = 2147483647;
			files = (
				441FC1DB2B5836FF000EE245 /* ViewController.swift in Sources */,
				441FC1D72B5836FF000EE245 /* AppDelegate.swift in Sources */,
				441FC1EF2B584D00000EE245 /* FourViewController.swift in Sources */,
				441FC1D92B5836FF000EE245 /* SceneDelegate.swift in Sources */,
				441FC1EB2B584CEC000EE245 /* TwoViewController.swift in Sources */,
				441FC1ED2B584CF7000EE245 /* ThreeViewController.swift in Sources */,
				446764352B5FF560009A7AD8 /* FirstViewController.swift in Sources */,
			);
			runOnlyForDeploymentPostprocessing = 0;
		};
/* End PBXSourcesBuildPhase section */

/* Begin PBXVariantGroup section */
		441FC1DC2B5836FF000EE245 /* Main.storyboard */ = {
			isa = PBXVariantGroup;
			children = (
				441FC1DD2B5836FF000EE245 /* Base */,
			);
			name = Main.storyboard;
			sourceTree = "<group>";
		};
		441FC1E12B583701000EE245 /* LaunchScreen.storyboard */ = {
			isa = PBXVariantGroup;
			children = (
				441FC1E22B583701000EE245 /* Base */,
			);
			name = LaunchScreen.storyboard;
			sourceTree = "<group>";
		};
/* End PBXVariantGroup section */

/* Begin XCBuildConfiguration section */
		441FC1E52B583701000EE245 /* Debug */ = {
			isa = XCBuildConfiguration;
			buildSettings = {
				ALWAYS_SEARCH_USER_PATHS = NO;
				ASSETCATALOG_COMPILER_GENERATE_SWIFT_ASSET_SYMBOL_EXTENSIONS = YES;
				CLANG_ANALYZER_NONNULL = YES;
				CLANG_ANALYZER_NUMBER_OBJECT_CONVERSION = YES_AGGRESSIVE;
				CLANG_CXX_LANGUAGE_STANDARD = "gnu++20";
				CLANG_ENABLE_MODULES = YES;
				CLANG_ENABLE_OBJC_ARC = YES;
				CLANG_ENABLE_OBJC_WEAK = YES;
				CLANG_WARN_BLOCK_CAPTURE_AUTORELEASING = YES;
				CLANG_WARN_BOOL_CONVERSION = YES;
				CLANG_WARN_COMMA = YES;
				CLANG_WARN_CONSTANT_CONVERSION = YES;
				CLANG_WARN_DEPRECATED_OBJC_IMPLEMENTATIONS = YES;
				CLANG_WARN_DIRECT_OBJC_ISA_USAGE = YES_ERROR;
				CLANG_WARN_DOCUMENTATION_COMMENTS = YES;
				CLANG_WARN_EMPTY_BODY = YES;
				CLANG_WARN_ENUM_CONVERSION = YES;
				CLANG_WARN_INFINITE_RECURSION = YES;
				CLANG_WARN_INT_CONVERSION = YES;
				CLANG_WARN_NON_LITERAL_NULL_CONVERSION = YES;
				CLANG_WARN_OBJC_IMPLICIT_RETAIN_SELF = YES;
				CLANG_WARN_OBJC_LITERAL_CONVERSION = YES;
				CLANG_WARN_OBJC_ROOT_CLASS = YES_ERROR;
				CLANG_WARN_QUOTED_INCLUDE_IN_FRAMEWORK_HEADER = YES;
				CLANG_WARN_RANGE_LOOP_ANALYSIS = YES;
				CLANG_WARN_STRICT_PROTOTYPES = YES;
				CLANG_WARN_SUSPICIOUS_MOVE = YES;
				CLANG_WARN_UNGUARDED_AVAILABILITY = YES_AGGRESSIVE;
				CLANG_WARN_UNREACHABLE_CODE = YES;
				CLANG_WARN__DUPLICATE_METHOD_MATCH = YES;
				COPY_PHASE_STRIP = NO;
				DEBUG_INFORMATION_FORMAT = dwarf;
				ENABLE_STRICT_OBJC_MSGSEND = YES;
				ENABLE_TESTABILITY = YES;
				ENABLE_USER_SCRIPT_SANDBOXING = YES;
				GCC_C_LANGUAGE_STANDARD = gnu17;
				GCC_DYNAMIC_NO_PIC = NO;
				GCC_NO_COMMON_BLOCKS = YES;
				GCC_OPTIMIZATION_LEVEL = 0;
				GCC_PREPROCESSOR_DEFINITIONS = (
					"DEBUG=1",
					"$(inherited)",
				);
				GCC_WARN_64_TO_32_BIT_CONVERSION = YES;
				GCC_WARN_ABOUT_RETURN_TYPE = YES_ERROR;
				GCC_WARN_UNDECLARED_SELECTOR = YES;
				GCC_WARN_UNINITIALIZED_AUTOS = YES_AGGRESSIVE;
				GCC_WARN_UNUSED_FUNCTION = YES;
				GCC_WARN_UNUSED_VARIABLE = YES;
				IPHONEOS_DEPLOYMENT_TARGET = 17.2;
				LOCALIZATION_PREFERS_STRING_CATALOGS = YES;
				MTL_ENABLE_DEBUG_INFO = INCLUDE_SOURCE;
				MTL_FAST_MATH = YES;
				ONLY_ACTIVE_ARCH = YES;
				SDKROOT = iphoneos;
				SWIFT_ACTIVE_COMPILATION_CONDITIONS = "DEBUG $(inherited)";
				SWIFT_OPTIMIZATION_LEVEL = "-Onone";
			};
			name = Debug;
		};
		441FC1E62B583701000EE245 /* Release */ = {
			isa = XCBuildConfiguration;
			buildSettings = {
				ALWAYS_SEARCH_USER_PATHS = NO;
				ASSETCATALOG_COMPILER_GENERATE_SWIFT_ASSET_SYMBOL_EXTENSIONS = YES;
				CLANG_ANALYZER_NONNULL = YES;
				CLANG_ANALYZER_NUMBER_OBJECT_CONVERSION = YES_AGGRESSIVE;
				CLANG_CXX_LANGUAGE_STANDARD = "gnu++20";
				CLANG_ENABLE_MODULES = YES;
				CLANG_ENABLE_OBJC_ARC = YES;
				CLANG_ENABLE_OBJC_WEAK = YES;
				CLANG_WARN_BLOCK_CAPTURE_AUTORELEASING = YES;
				CLANG_WARN_BOOL_CONVERSION = YES;
				CLANG_WARN_COMMA = YES;
				CLANG_WARN_CONSTANT_CONVERSION = YES;
				CLANG_WARN_DEPRECATED_OBJC_IMPLEMENTATIONS = YES;
				CLANG_WARN_DIRECT_OBJC_ISA_USAGE = YES_ERROR;
				CLANG_WARN_DOCUMENTATION_COMMENTS = YES;
				CLANG_WARN_EMPTY_BODY = YES;
				CLANG_WARN_ENUM_CONVERSION = YES;
				CLANG_WARN_INFINITE_RECURSION = YES;
				CLANG_WARN_INT_CONVERSION = YES;
				CLANG_WARN_NON_LITERAL_NULL_CONVERSION = YES;
				CLANG_WARN_OBJC_IMPLICIT_RETAIN_SELF = YES;
				CLANG_WARN_OBJC_LITERAL_CONVERSION = YES;
				CLANG_WARN_OBJC_ROOT_CLASS = YES_ERROR;
				CLANG_WARN_QUOTED_INCLUDE_IN_FRAMEWORK_HEADER = YES;
				CLANG_WARN_RANGE_LOOP_ANALYSIS = YES;
				CLANG_WARN_STRICT_PROTOTYPES = YES;
				CLANG_WARN_SUSPICIOUS_MOVE = YES;
				CLANG_WARN_UNGUARDED_AVAILABILITY = YES_AGGRESSIVE;
				CLANG_WARN_UNREACHABLE_CODE = YES;
				CLANG_WARN__DUPLICATE_METHOD_MATCH = YES;
				COPY_PHASE_STRIP = NO;
				DEBUG_INFORMATION_FORMAT = "dwarf-with-dsym";
				ENABLE_NS_ASSERTIONS = NO;
				ENABLE_STRICT_OBJC_MSGSEND = YES;
				ENABLE_USER_SCRIPT_SANDBOXING = YES;
				GCC_C_LANGUAGE_STANDARD = gnu17;
				GCC_NO_COMMON_BLOCKS = YES;
				GCC_WARN_64_TO_32_BIT_CONVERSION = YES;
				GCC_WARN_ABOUT_RETURN_TYPE = YES_ERROR;
				GCC_WARN_UNDECLARED_SELECTOR = YES;
				GCC_WARN_UNINITIALIZED_AUTOS = YES_AGGRESSIVE;
				GCC_WARN_UNUSED_FUNCTION = YES;
				GCC_WARN_UNUSED_VARIABLE = YES;
				IPHONEOS_DEPLOYMENT_TARGET = 17.2;
				LOCALIZATION_PREFERS_STRING_CATALOGS = YES;
				MTL_ENABLE_DEBUG_INFO = NO;
				MTL_FAST_MATH = YES;
				SDKROOT = iphoneos;
				SWIFT_COMPILATION_MODE = wholemodule;
				VALIDATE_PRODUCT = YES;
			};
			name = Release;
		};
		441FC1E82B583701000EE245 /* Debug */ = {
			isa = XCBuildConfiguration;
			buildSettings = {
				ASSETCATALOG_COMPILER_APPICON_NAME = AppIcon;
				ASSETCATALOG_COMPILER_GLOBAL_ACCENT_COLOR_NAME = AccentColor;
				CODE_SIGN_STYLE = Automatic;
				CURRENT_PROJECT_VERSION = 1;
				GENERATE_INFOPLIST_FILE = YES;
				INFOPLIST_FILE = "homework7(2)/Info.plist";
				INFOPLIST_KEY_UIApplicationSupportsIndirectInputEvents = YES;
				INFOPLIST_KEY_UILaunchStoryboardName = LaunchScreen;
				INFOPLIST_KEY_UIMainStoryboardFile = Main;
				INFOPLIST_KEY_UISupportedInterfaceOrientations_iPad = "UIInterfaceOrientationPortrait UIInterfaceOrientationPortraitUpsideDown UIInterfaceOrientationLandscapeLeft UIInterfaceOrientationLandscapeRight";
				INFOPLIST_KEY_UISupportedInterfaceOrientations_iPhone = "UIInterfaceOrientationPortrait UIInterfaceOrientationLandscapeLeft UIInterfaceOrientationLandscapeRight";
				LD_RUNPATH_SEARCH_PATHS = (
					"$(inherited)",
					"@executable_path/Frameworks",
				);
				MARKETING_VERSION = 1.0;
				PRODUCT_BUNDLE_IDENTIFIER = "nikitoss.homework7-2-";
				PRODUCT_NAME = "$(TARGET_NAME)";
				SWIFT_EMIT_LOC_STRINGS = YES;
				SWIFT_VERSION = 5.0;
				TARGETED_DEVICE_FAMILY = "1,2";
			};
			name = Debug;
		};
		441FC1E92B583701000EE245 /* Release */ = {
			isa = XCBuildConfiguration;
			buildSettings = {
				ASSETCATALOG_COMPILER_APPICON_NAME = AppIcon;
				ASSETCATALOG_COMPILER_GLOBAL_ACCENT_COLOR_NAME = AccentColor;
				CODE_SIGN_STYLE = Automatic;
				CURRENT_PROJECT_VERSION = 1;
				GENERATE_INFOPLIST_FILE = YES;
				INFOPLIST_FILE = "homework7(2)/Info.plist";
				INFOPLIST_KEY_UIApplicationSupportsIndirectInputEvents = YES;
				INFOPLIST_KEY_UILaunchStoryboardName = LaunchScreen;
				INFOPLIST_KEY_UIMainStoryboardFile = Main;
				INFOPLIST_KEY_UISupportedInterfaceOrientations_iPad = "UIInterfaceOrientationPortrait UIInterfaceOrientationPortraitUpsideDown UIInterfaceOrientationLandscapeLeft UIInterfaceOrientationLandscapeRight";
				INFOPLIST_KEY_UISupportedInterfaceOrientations_iPhone = "UIInterfaceOrientationPortrait UIInterfaceOrientationLandscapeLeft UIInterfaceOrientationLandscapeRight";
				LD_RUNPATH_SEARCH_PATHS = (
					"$(inherited)",
					"@executable_path/Frameworks",
				);
				MARKETING_VERSION = 1.0;
				PRODUCT_BUNDLE_IDENTIFIER = "nikitoss.homework7-2-";
				PRODUCT_NAME = "$(TARGET_NAME)";
				SWIFT_EMIT_LOC_STRINGS = YES;
				SWIFT_VERSION = 5.0;
				TARGETED_DEVICE_FAMILY = "1,2";
			};
			name = Release;
		};
/* End XCBuildConfiguration section */

/* Begin XCConfigurationList section */
		441FC1CE2B5836FF000EE245 /* Build configuration list for PBXProject "homework7(2)" */ = {
			isa = XCConfigurationList;
			buildConfigurations = (
				441FC1E52B583701000EE245 /* Debug */,
				441FC1E62B583701000EE245 /* Release */,
			);
			defaultConfigurationIsVisible = 0;
			defaultConfigurationName = Release;
		};
		441FC1E72B583701000EE245 /* Build configuration list for PBXNativeTarget "homework7(2)" */ = {
			isa = XCConfigurationList;
			buildConfigurations = (
				441FC1E82B583701000EE245 /* Debug */,
				441FC1E92B583701000EE245 /* Release */,
			);
			defaultConfigurationIsVisible = 0;
			defaultConfigurationName = Release;
		};
/* End XCConfigurationList section */
	};
	rootObject = 441FC1CB2B5836FF000EE245 /* Project object */;
}
